
Microsoft Visual Studio Solution File, Format Version 12.00
# Visual Studio Version 17
VisualStudioVersion = 17.5.002.0
MinimumVisualStudioVersion = 10.0.40219.1
Project("{9A19103F-16F7-4668-BE54-9A1E7A4F7556}") = "abstract-008", "abstract-008.csproj", "{68C38748-0A01-45C7-8994-C214B2FA6394}"
EndProject
Global
	GlobalSection(SolutionConfigurationPlatforms) = preSolution
		Debug|Any CPU = Debug|Any CPU
		Release|Any CPU = Release|Any CPU
	EndGlobalSection
	GlobalSection(ProjectConfigurationPlatforms) = postSolution
		{68C38748-0A01-45C7-8994-C214B2FA6394}.Debug|Any CPU.ActiveCfg = Debug|Any CPU
		{68C38748-0A01-45C7-8994-C214B2FA6394}.Debug|Any CPU.Build.0 = Debug|Any CPU
		{68C38748-0A01-45C7-8994-C214B2FA6394}.Release|Any CPU.ActiveCfg = Release|Any CPU
		{68C38748-0A01-45C7-8994-C214B2FA6394}.Release|Any CPU.Build.0 = Release|Any CPU
	EndGlobalSection
	GlobalSection(SolutionProperties) = preSolution
		HideSolutionNode = FALSE
	EndGlobalSection
	GlobalSection(ExtensibilityGlobals) = postSolution
		SolutionGuid = {0174CEA7-525A-4EE8-919F-09B3854F4440}
	EndGlobalSection
EndGlobal
