
Microsoft Visual Studio Solution File, Format Version 12.00
# Visual Studio Version 17
VisualStudioVersion = 17.5.002.0
MinimumVisualStudioVersion = 10.0.40219.1
Project("{9A19103F-16F7-4668-BE54-9A1E7A4F7556}") = "api-versionlama-05", "api-versionlama-05.csproj", "{E68B841C-D563-4ECF-AE68-AEA58CD90A12}"
EndProject
Global
	GlobalSection(SolutionConfigurationPlatforms) = preSolution
		Debug|Any CPU = Debug|Any CPU
		Release|Any CPU = Release|Any CPU
	EndGlobalSection
	GlobalSection(ProjectConfigurationPlatforms) = postSolution
		{E68B841C-D563-4ECF-AE68-AEA58CD90A12}.Debug|Any CPU.ActiveCfg = Debug|Any CPU
		{E68B841C-D563-4ECF-AE68-AEA58CD90A12}.Debug|Any CPU.Build.0 = Debug|Any CPU
		{E68B841C-D563-4ECF-AE68-AEA58CD90A12}.Release|Any CPU.ActiveCfg = Release|Any CPU
		{E68B841C-D563-4ECF-AE68-AEA58CD90A12}.Release|Any CPU.Build.0 = Release|Any CPU
	EndGlobalSection
	GlobalSection(SolutionProperties) = preSolution
		HideSolutionNode = FALSE
	EndGlobalSection
	GlobalSection(ExtensibilityGlobals) = postSolution
		SolutionGuid = {A000DED8-C15A-46E1-9DF3-628736B90056}
	EndGlobalSection
EndGlobal
