
Microsoft Visual Studio Solution File, Format Version 12.00
# Visual Studio Version 17
VisualStudioVersion = 17.5.002.0
MinimumVisualStudioVersion = 10.0.40219.1
Project("{9A19103F-16F7-4668-BE54-9A1E7A4F7556}") = "Math-Odev", "Math-Odev.csproj", "{D9B0BED7-724F-480E-8E9A-BD9303F03308}"
EndProject
Global
	GlobalSection(SolutionConfigurationPlatforms) = preSolution
		Debug|Any CPU = Debug|Any CPU
		Release|Any CPU = Release|Any CPU
	EndGlobalSection
	GlobalSection(ProjectConfigurationPlatforms) = postSolution
		{D9B0BED7-724F-480E-8E9A-BD9303F03308}.Debug|Any CPU.ActiveCfg = Debug|Any CPU
		{D9B0BED7-724F-480E-8E9A-BD9303F03308}.Debug|Any CPU.Build.0 = Debug|Any CPU
		{D9B0BED7-724F-480E-8E9A-BD9303F03308}.Release|Any CPU.ActiveCfg = Release|Any CPU
		{D9B0BED7-724F-480E-8E9A-BD9303F03308}.Release|Any CPU.Build.0 = Release|Any CPU
	EndGlobalSection
	GlobalSection(SolutionProperties) = preSolution
		HideSolutionNode = FALSE
	EndGlobalSection
	GlobalSection(ExtensibilityGlobals) = postSolution
		SolutionGuid = {174A98E7-36EA-40C9-8A98-07FFC0E15030}
	EndGlobalSection
EndGlobal
