
Microsoft Visual Studio Solution File, Format Version 12.00
# Visual Studio Version 17
VisualStudioVersion = 17.5.002.0
MinimumVisualStudioVersion = 10.0.40219.1
Project("{9A19103F-16F7-4668-BE54-9A1E7A4F7556}") = "card-verification-algorithm", "card-verification-algorithm.csproj", "{C6DCF6B4-A3EB-4E4A-8A72-2C80D728DF3A}"
EndProject
Global
	GlobalSection(SolutionConfigurationPlatforms) = preSolution
		Debug|Any CPU = Debug|Any CPU
		Release|Any CPU = Release|Any CPU
	EndGlobalSection
	GlobalSection(ProjectConfigurationPlatforms) = postSolution
		{C6DCF6B4-A3EB-4E4A-8A72-2C80D728DF3A}.Debug|Any CPU.ActiveCfg = Debug|Any CPU
		{C6DCF6B4-A3EB-4E4A-8A72-2C80D728DF3A}.Debug|Any CPU.Build.0 = Debug|Any CPU
		{C6DCF6B4-A3EB-4E4A-8A72-2C80D728DF3A}.Release|Any CPU.ActiveCfg = Release|Any CPU
		{C6DCF6B4-A3EB-4E4A-8A72-2C80D728DF3A}.Release|Any CPU.Build.0 = Release|Any CPU
	EndGlobalSection
	GlobalSection(SolutionProperties) = preSolution
		HideSolutionNode = FALSE
	EndGlobalSection
	GlobalSection(ExtensibilityGlobals) = postSolution
		SolutionGuid = {D833A730-0F85-4ADD-B986-90E9A822B215}
	EndGlobalSection
EndGlobal
