
Microsoft Visual Studio Solution File, Format Version 12.00
# Visual Studio Version 17
VisualStudioVersion = 17.5.002.0
MinimumVisualStudioVersion = 10.0.40219.1
Project("{9A19103F-16F7-4668-BE54-9A1E7A4F7556}") = "MVC-002", "MVC-002.csproj", "{D5AC8A6B-7E14-49F1-AC86-7C7F7D4E24C2}"
EndProject
Global
	GlobalSection(SolutionConfigurationPlatforms) = preSolution
		Debug|Any CPU = Debug|Any CPU
		Release|Any CPU = Release|Any CPU
	EndGlobalSection
	GlobalSection(ProjectConfigurationPlatforms) = postSolution
		{D5AC8A6B-7E14-49F1-AC86-7C7F7D4E24C2}.Debug|Any CPU.ActiveCfg = Debug|Any CPU
		{D5AC8A6B-7E14-49F1-AC86-7C7F7D4E24C2}.Debug|Any CPU.Build.0 = Debug|Any CPU
		{D5AC8A6B-7E14-49F1-AC86-7C7F7D4E24C2}.Release|Any CPU.ActiveCfg = Release|Any CPU
		{D5AC8A6B-7E14-49F1-AC86-7C7F7D4E24C2}.Release|Any CPU.Build.0 = Release|Any CPU
	EndGlobalSection
	GlobalSection(SolutionProperties) = preSolution
		HideSolutionNode = FALSE
	EndGlobalSection
	GlobalSection(ExtensibilityGlobals) = postSolution
		SolutionGuid = {EBB16B87-BFC0-4111-84C0-32E523D72DB4}
	EndGlobalSection
EndGlobal
