
Microsoft Visual Studio Solution File, Format Version 12.00
# Visual Studio Version 17
VisualStudioVersion = 17.10.35122.118
MinimumVisualStudioVersion = 10.0.40219.1
Project("{FAE04EC0-301F-11D3-BF4B-00C04F79EFBC}") = "deneme1", "deneme1\deneme1.csproj", "{4524811E-9183-4410-ABED-8D52185C5CF1}"
EndProject
Global
	GlobalSection(SolutionConfigurationPlatforms) = preSolution
		Debug|Any CPU = Debug|Any CPU
		Release|Any CPU = Release|Any CPU
	EndGlobalSection
	GlobalSection(ProjectConfigurationPlatforms) = postSolution
		{4524811E-9183-4410-ABED-8D52185C5CF1}.Debug|Any CPU.ActiveCfg = Debug|Any CPU
		{4524811E-9183-4410-ABED-8D52185C5CF1}.Debug|Any CPU.Build.0 = Debug|Any CPU
		{4524811E-9183-4410-ABED-8D52185C5CF1}.Release|Any CPU.ActiveCfg = Release|Any CPU
		{4524811E-9183-4410-ABED-8D52185C5CF1}.Release|Any CPU.Build.0 = Release|Any CPU
	EndGlobalSection
	GlobalSection(SolutionProperties) = preSolution
		HideSolutionNode = FALSE
	EndGlobalSection
	GlobalSection(ExtensibilityGlobals) = postSolution
		SolutionGuid = {54EF2836-94A7-4AFE-B956-EE6F54CB5A41}
	EndGlobalSection
EndGlobal
