
Microsoft Visual Studio Solution File, Format Version 12.00
# Visual Studio Version 17
VisualStudioVersion = 17.5.002.0
MinimumVisualStudioVersion = 10.0.40219.1
Project("{9A19103F-16F7-4668-BE54-9A1E7A4F7556}") = "MVC-004(partial-view)", "MVC-004(partial-view).csproj", "{DC3ADCD7-A5DD-4785-B226-3EF0DC1FFE8E}"
EndProject
Global
	GlobalSection(SolutionConfigurationPlatforms) = preSolution
		Debug|Any CPU = Debug|Any CPU
		Release|Any CPU = Release|Any CPU
	EndGlobalSection
	GlobalSection(ProjectConfigurationPlatforms) = postSolution
		{DC3ADCD7-A5DD-4785-B226-3EF0DC1FFE8E}.Debug|Any CPU.ActiveCfg = Debug|Any CPU
		{DC3ADCD7-A5DD-4785-B226-3EF0DC1FFE8E}.Debug|Any CPU.Build.0 = Debug|Any CPU
		{DC3ADCD7-A5DD-4785-B226-3EF0DC1FFE8E}.Release|Any CPU.ActiveCfg = Release|Any CPU
		{DC3ADCD7-A5DD-4785-B226-3EF0DC1FFE8E}.Release|Any CPU.Build.0 = Release|Any CPU
	EndGlobalSection
	GlobalSection(SolutionProperties) = preSolution
		HideSolutionNode = FALSE
	EndGlobalSection
	GlobalSection(ExtensibilityGlobals) = postSolution
		SolutionGuid = {FBCFDADD-C78B-4928-8CC3-A9D36EF3909B}
	EndGlobalSection
EndGlobal
