
Microsoft Visual Studio Solution File, Format Version 12.00
# Visual Studio Version 17
VisualStudioVersion = 17.5.002.0
MinimumVisualStudioVersion = 10.0.40219.1
Project("{9A19103F-16F7-4668-BE54-9A1E7A4F7556}") = "MVC-002-Tailwind", "MVC-002-Tailwind.csproj", "{7C8ACE91-B607-45A6-AD21-000C7C7A79DD}"
EndProject
Global
	GlobalSection(SolutionConfigurationPlatforms) = preSolution
		Debug|Any CPU = Debug|Any CPU
		Release|Any CPU = Release|Any CPU
	EndGlobalSection
	GlobalSection(ProjectConfigurationPlatforms) = postSolution
		{7C8ACE91-B607-45A6-AD21-000C7C7A79DD}.Debug|Any CPU.ActiveCfg = Debug|Any CPU
		{7C8ACE91-B607-45A6-AD21-000C7C7A79DD}.Debug|Any CPU.Build.0 = Debug|Any CPU
		{7C8ACE91-B607-45A6-AD21-000C7C7A79DD}.Release|Any CPU.ActiveCfg = Release|Any CPU
		{7C8ACE91-B607-45A6-AD21-000C7C7A79DD}.Release|Any CPU.Build.0 = Release|Any CPU
	EndGlobalSection
	GlobalSection(SolutionProperties) = preSolution
		HideSolutionNode = FALSE
	EndGlobalSection
	GlobalSection(ExtensibilityGlobals) = postSolution
		SolutionGuid = {A7A6BD54-E36F-42EF-AFC4-994D8702F80B}
	EndGlobalSection
EndGlobal
