
Microsoft Visual Studio Solution File, Format Version 12.00
# Visual Studio Version 17
VisualStudioVersion = 17.5.002.0
MinimumVisualStudioVersion = 10.0.40219.1
Project("{9A19103F-16F7-4668-BE54-9A1E7A4F7556}") = "MVC-008(dropdown-odev)", "MVC-008(dropdown-odev).csproj", "{FCED6F98-772E-4379-B15D-A21FB7D8D602}"
EndProject
Global
	GlobalSection(SolutionConfigurationPlatforms) = preSolution
		Debug|Any CPU = Debug|Any CPU
		Release|Any CPU = Release|Any CPU
	EndGlobalSection
	GlobalSection(ProjectConfigurationPlatforms) = postSolution
		{FCED6F98-772E-4379-B15D-A21FB7D8D602}.Debug|Any CPU.ActiveCfg = Debug|Any CPU
		{FCED6F98-772E-4379-B15D-A21FB7D8D602}.Debug|Any CPU.Build.0 = Debug|Any CPU
		{FCED6F98-772E-4379-B15D-A21FB7D8D602}.Release|Any CPU.ActiveCfg = Release|Any CPU
		{FCED6F98-772E-4379-B15D-A21FB7D8D602}.Release|Any CPU.Build.0 = Release|Any CPU
	EndGlobalSection
	GlobalSection(SolutionProperties) = preSolution
		HideSolutionNode = FALSE
	EndGlobalSection
	GlobalSection(ExtensibilityGlobals) = postSolution
		SolutionGuid = {0930DAEC-BEB1-4F82-8EDA-3302CDBE4865}
	EndGlobalSection
EndGlobal
