
Microsoft Visual Studio Solution File, Format Version 12.00
# Visual Studio Version 17
VisualStudioVersion = 17.5.002.0
MinimumVisualStudioVersion = 10.0.40219.1
Project("{9A19103F-16F7-4668-BE54-9A1E7A4F7556}") = "MVC-015(Rest-client)", "MVC-015(Rest-client).csproj", "{374CEACC-0BD5-4A20-A0D9-64BD12D92DDB}"
EndProject
Global
	GlobalSection(SolutionConfigurationPlatforms) = preSolution
		Debug|Any CPU = Debug|Any CPU
		Release|Any CPU = Release|Any CPU
	EndGlobalSection
	GlobalSection(ProjectConfigurationPlatforms) = postSolution
		{374CEACC-0BD5-4A20-A0D9-64BD12D92DDB}.Debug|Any CPU.ActiveCfg = Debug|Any CPU
		{374CEACC-0BD5-4A20-A0D9-64BD12D92DDB}.Debug|Any CPU.Build.0 = Debug|Any CPU
		{374CEACC-0BD5-4A20-A0D9-64BD12D92DDB}.Release|Any CPU.ActiveCfg = Release|Any CPU
		{374CEACC-0BD5-4A20-A0D9-64BD12D92DDB}.Release|Any CPU.Build.0 = Release|Any CPU
	EndGlobalSection
	GlobalSection(SolutionProperties) = preSolution
		HideSolutionNode = FALSE
	EndGlobalSection
	GlobalSection(ExtensibilityGlobals) = postSolution
		SolutionGuid = {DB87DC59-6E33-48E1-9504-FB8B38A2F5CA}
	EndGlobalSection
EndGlobal
