
Microsoft Visual Studio Solution File, Format Version 12.00
# Visual Studio Version 17
VisualStudioVersion = 17.5.002.0
MinimumVisualStudioVersion = 10.0.40219.1
Project("{9A19103F-16F7-4668-BE54-9A1E7A4F7556}") = "generic-interface-015", "generic-interface-015.csproj", "{0CC19456-A5C8-4A0F-BFD1-F0CD169C61AB}"
EndProject
Global
	GlobalSection(SolutionConfigurationPlatforms) = preSolution
		Debug|Any CPU = Debug|Any CPU
		Release|Any CPU = Release|Any CPU
	EndGlobalSection
	GlobalSection(ProjectConfigurationPlatforms) = postSolution
		{0CC19456-A5C8-4A0F-BFD1-F0CD169C61AB}.Debug|Any CPU.ActiveCfg = Debug|Any CPU
		{0CC19456-A5C8-4A0F-BFD1-F0CD169C61AB}.Debug|Any CPU.Build.0 = Debug|Any CPU
		{0CC19456-A5C8-4A0F-BFD1-F0CD169C61AB}.Release|Any CPU.ActiveCfg = Release|Any CPU
		{0CC19456-A5C8-4A0F-BFD1-F0CD169C61AB}.Release|Any CPU.Build.0 = Release|Any CPU
	EndGlobalSection
	GlobalSection(SolutionProperties) = preSolution
		HideSolutionNode = FALSE
	EndGlobalSection
	GlobalSection(ExtensibilityGlobals) = postSolution
		SolutionGuid = {3AD6E057-FBCF-4710-806D-0102D5E52AAA}
	EndGlobalSection
EndGlobal
