
Microsoft Visual Studio Solution File, Format Version 12.00
# Visual Studio Version 17
VisualStudioVersion = 17.5.002.0
MinimumVisualStudioVersion = 10.0.40219.1
Project("{9A19103F-16F7-4668-BE54-9A1E7A4F7556}") = "mycollection", "mycollection.csproj", "{EA6C09E3-F529-4AA2-86E9-29A6D165126F}"
EndProject
Global
	GlobalSection(SolutionConfigurationPlatforms) = preSolution
		Debug|Any CPU = Debug|Any CPU
		Release|Any CPU = Release|Any CPU
	EndGlobalSection
	GlobalSection(ProjectConfigurationPlatforms) = postSolution
		{EA6C09E3-F529-4AA2-86E9-29A6D165126F}.Debug|Any CPU.ActiveCfg = Debug|Any CPU
		{EA6C09E3-F529-4AA2-86E9-29A6D165126F}.Debug|Any CPU.Build.0 = Debug|Any CPU
		{EA6C09E3-F529-4AA2-86E9-29A6D165126F}.Release|Any CPU.ActiveCfg = Release|Any CPU
		{EA6C09E3-F529-4AA2-86E9-29A6D165126F}.Release|Any CPU.Build.0 = Release|Any CPU
	EndGlobalSection
	GlobalSection(SolutionProperties) = preSolution
		HideSolutionNode = FALSE
	EndGlobalSection
	GlobalSection(ExtensibilityGlobals) = postSolution
		SolutionGuid = {B9984A03-0E64-42F2-91D5-1DF5759EE92D}
	EndGlobalSection
EndGlobal
