
Microsoft Visual Studio Solution File, Format Version 12.00
# Visual Studio Version 17
VisualStudioVersion = 17.5.002.0
MinimumVisualStudioVersion = 10.0.40219.1
Project("{9A19103F-16F7-4668-BE54-9A1E7A4F7556}") = "MVC-003-(rm-deneme)", "MVC-003-(rm-deneme).csproj", "{F352830B-B8F0-410C-994F-6A169B3A555C}"
EndProject
Global
	GlobalSection(SolutionConfigurationPlatforms) = preSolution
		Debug|Any CPU = Debug|Any CPU
		Release|Any CPU = Release|Any CPU
	EndGlobalSection
	GlobalSection(ProjectConfigurationPlatforms) = postSolution
		{F352830B-B8F0-410C-994F-6A169B3A555C}.Debug|Any CPU.ActiveCfg = Debug|Any CPU
		{F352830B-B8F0-410C-994F-6A169B3A555C}.Debug|Any CPU.Build.0 = Debug|Any CPU
		{F352830B-B8F0-410C-994F-6A169B3A555C}.Release|Any CPU.ActiveCfg = Release|Any CPU
		{F352830B-B8F0-410C-994F-6A169B3A555C}.Release|Any CPU.Build.0 = Release|Any CPU
	EndGlobalSection
	GlobalSection(SolutionProperties) = preSolution
		HideSolutionNode = FALSE
	EndGlobalSection
	GlobalSection(ExtensibilityGlobals) = postSolution
		SolutionGuid = {0FB25535-B30C-4BAF-8BE2-757729C0FB4D}
	EndGlobalSection
EndGlobal
