
Microsoft Visual Studio Solution File, Format Version 12.00
# Visual Studio Version 17
VisualStudioVersion = 17.5.002.0
MinimumVisualStudioVersion = 10.0.40219.1
Project("{9A19103F-16F7-4668-BE54-9A1E7A4F7556}") = "DLL-010-1", "DLL-010-1.csproj", "{F57832DF-E312-4F68-BAEA-F5A9ACDA4AB9}"
EndProject
Global
	GlobalSection(SolutionConfigurationPlatforms) = preSolution
		Debug|Any CPU = Debug|Any CPU
		Release|Any CPU = Release|Any CPU
	EndGlobalSection
	GlobalSection(ProjectConfigurationPlatforms) = postSolution
		{F57832DF-E312-4F68-BAEA-F5A9ACDA4AB9}.Debug|Any CPU.ActiveCfg = Debug|Any CPU
		{F57832DF-E312-4F68-BAEA-F5A9ACDA4AB9}.Debug|Any CPU.Build.0 = Debug|Any CPU
		{F57832DF-E312-4F68-BAEA-F5A9ACDA4AB9}.Release|Any CPU.ActiveCfg = Release|Any CPU
		{F57832DF-E312-4F68-BAEA-F5A9ACDA4AB9}.Release|Any CPU.Build.0 = Release|Any CPU
	EndGlobalSection
	GlobalSection(SolutionProperties) = preSolution
		HideSolutionNode = FALSE
	EndGlobalSection
	GlobalSection(ExtensibilityGlobals) = postSolution
		SolutionGuid = {BC2FBD75-4466-483A-9C61-0F8D2C6D0B6C}
	EndGlobalSection
EndGlobal
