
Microsoft Visual Studio Solution File, Format Version 12.00
# Visual Studio Version 17
VisualStudioVersion = 17.5.002.0
MinimumVisualStudioVersion = 10.0.40219.1
Project("{9A19103F-16F7-4668-BE54-9A1E7A4F7556}") = "MVC-014(Action-Filter)", "MVC-014(Action-Filter).csproj", "{8D890608-807D-4626-960A-625D53CFA383}"
EndProject
Global
	GlobalSection(SolutionConfigurationPlatforms) = preSolution
		Debug|Any CPU = Debug|Any CPU
		Release|Any CPU = Release|Any CPU
	EndGlobalSection
	GlobalSection(ProjectConfigurationPlatforms) = postSolution
		{8D890608-807D-4626-960A-625D53CFA383}.Debug|Any CPU.ActiveCfg = Debug|Any CPU
		{8D890608-807D-4626-960A-625D53CFA383}.Debug|Any CPU.Build.0 = Debug|Any CPU
		{8D890608-807D-4626-960A-625D53CFA383}.Release|Any CPU.ActiveCfg = Release|Any CPU
		{8D890608-807D-4626-960A-625D53CFA383}.Release|Any CPU.Build.0 = Release|Any CPU
	EndGlobalSection
	GlobalSection(SolutionProperties) = preSolution
		HideSolutionNode = FALSE
	EndGlobalSection
	GlobalSection(ExtensibilityGlobals) = postSolution
		SolutionGuid = {7FB8BECE-A4D1-4A65-9B37-4ED72BC54C15}
	EndGlobalSection
EndGlobal
